// !$*UTF8*$!
{
	archiveVersion = 1;
	classes = {
	};
	objectVersion = 50;
	objects = {

/* Begin PBXBuildFile section */
		8ABD2C9527BD4B4F00142175 /* AppDelegate.swift in Sources */ = {isa = PBXBuildFile; fileRef = 8ABD2C9427BD4B4F00142175 /* AppDelegate.swift */; };
		8ABD2C9727BD4B4F00142175 /* SceneDelegate.swift in Sources */ = {isa = PBXBuildFile; fileRef = 8ABD2C9627BD4B4F00142175 /* SceneDelegate.swift */; };
		8ABD2C9927BD4B4F00142175 /* ViewController.swift in Sources */ = {isa = PBXBuildFile; fileRef = 8ABD2C9827BD4B4F00142175 /* ViewController.swift */; };
		8ABD2C9C27BD4B4F00142175 /* Main.storyboard in Resources */ = {isa = PBXBuildFile; fileRef = 8ABD2C9A27BD4B4F00142175 /* Main.storyboard */; };
		8ABD2C9E27BD4B5800142175 /* Assets.xcassets in Resources */ = {isa = PBXBuildFile; fileRef = 8ABD2C9D27BD4B5800142175 /* Assets.xcassets */; };
		8ABD2CA127BD4B5800142175 /* LaunchScreen.storyboard in Resources */ = {isa = PBXBuildFile; fileRef = 8ABD2C9F27BD4B5800142175 /* LaunchScreen.storyboard */; };
		8ABD2CAA27BD4F0500142175 /* SegundoViewController.swift in Sources */ = {isa = PBXBuildFile; fileRef = 8ABD2CA927BD4F0500142175 /* SegundoViewController.swift */; };
/* End PBXBuildFile section */

/* Begin PBXFileReference section */
		8ABD2C9127BD4B4F00142175 /* practica2_envioparametros.app */ = {isa = PBXFileReference; explicitFileType = wrapper.application; includeInIndex = 0; path = practica2_envioparametros.app; sourceTree = BUILT_PRODUCTS_DIR; };
		8ABD2C9427BD4B4F00142175 /* AppDelegate.swift */ = {isa = PBXFileReference; lastKnownFileType = sourcecode.swift; path = AppDelegate.swift; sourceTree = "<group>"; };
		8ABD2C9627BD4B4F00142175 /* SceneDelegate.swift */ = {isa = PBXFileReference; lastKnownFileType = sourcecode.swift; path = SceneDelegate.swift; sourceTree = "<group>"; };
		8ABD2C9827BD4B4F00142175 /* ViewController.swift */ = {isa = PBXFileReference; lastKnownFileType = sourcecode.swift; path = ViewController.swift; sourceTree = "<group>"; };
		8ABD2C9B27BD4B4F00142175 /* Base */ = {isa = PBXFileReference; lastKnownFileType = file.storyboard; name = Base; path = Base.lproj/Main.storyboard; sourceTree = "<group>"; };
		8ABD2C9D27BD4B5800142175 /* Assets.xcassets */ = {isa = PBXFileReference; lastKnownFileType = folder.assetcatalog; path = Assets.xcassets; sourceTree = "<group>"; };
		8ABD2CA027BD4B5800142175 /* Base */ = {isa = PBXFileReference; lastKnownFileType = file.storyboard; name = Base; path = Base.lproj/LaunchScreen.storyboard; sourceTree = "<group>"; };
		8ABD2CA227BD4B5800142175 /* Info.plist */ = {isa = PBXFileReference; lastKnownFileType = text.plist.xml; path = Info.plist; sourceTree = "<group>"; };
		8ABD2CA927BD4F0500142175 /* SegundoViewController.swift */ = {isa = PBXFileReference; lastKnownFileType = sourcecode.swift; path = SegundoViewController.swift; sourceTree = "<group>"; };
/* End PBXFileReference section */

/* Begin PBXFrameworksBuildPhase section */
		8ABD2C8E27BD4B4F00142175 /* Frameworks */ = {
			isa = PBXFrameworksBuildPhase;
			buildActionMask = 2147483647;
			files = (
			);
			runOnlyForDeploymentPostprocessing = 0;
		};
/* End PBXFrameworksBuildPhase section */

/* Begin PBXGroup section */
		8ABD2C8827BD4B4F00142175 = {
			isa = PBXGroup;
			children = (
				8ABD2C9327BD4B4F00142175 /* practica2_envioparametros */,
				8ABD2C9227BD4B4F00142175 /* Products */,
			);
			sourceTree = "<group>";
		};
		8ABD2C9227BD4B4F00142175 /* Products */ = {
			isa = PBXGroup;
			children = (
				8ABD2C9127BD4B4F00142175 /* practica2_envioparametros.app */,
			);
			name = Products;
			sourceTree = "<group>";
		};
		8ABD2C9327BD4B4F00142175 /* practica2_envioparametros */ = {
			isa = PBXGroup;
			children = (
				8ABD2C9427BD4B4F00142175 /* AppDelegate.swift */,
				8ABD2C9627BD4B4F00142175 /* SceneDelegate.swift */,
				8ABD2C9827BD4B4F00142175 /* ViewController.swift */,
				8ABD2C9A27BD4B4F00142175 /* Main.storyboard */,
				8ABD2C9D27BD4B5800142175 /* Assets.xcassets */,
				8ABD2C9F27BD4B5800142175 /* LaunchScreen.storyboard */,
				8ABD2CA227BD4B5800142175 /* Info.plist */,
				8ABD2CA927BD4F0500142175 /* SegundoViewController.swift */,
			);
			path = practica2_envioparametros;
			sourceTree = "<group>";
		};
/* End PBXGroup section */

/* Begin PBXNativeTarget section */
		8ABD2C9027BD4B4F00142175 /* practica2_envioparametros */ = {
			isa = PBXNativeTarget;
			buildConfigurationList = 8ABD2CA527BD4B5800142175 /* Build configuration list for PBXNativeTarget "practica2_envioparametros" */;
			buildPhases = (
				8ABD2C8D27BD4B4F00142175 /* Sources */,
				8ABD2C8E27BD4B4F00142175 /* Frameworks */,
				8ABD2C8F27BD4B4F00142175 /* Resources */,
			);
			buildRules = (
			);
			dependencies = (
			);
			name = practica2_envioparametros;
			productName = practica2_envioparametros;
			productReference = 8ABD2C9127BD4B4F00142175 /* practica2_envioparametros.app */;
			productType = "com.apple.product-type.application";
		};
/* End PBXNativeTarget section */

/* Begin PBXProject section */
		8ABD2C8927BD4B4F00142175 /* Project object */ = {
			isa = PBXProject;
			attributes = {
				LastSwiftUpdateCheck = 1240;
				LastUpgradeCheck = 1240;
				TargetAttributes = {
					8ABD2C9027BD4B4F00142175 = {
						CreatedOnToolsVersion = 12.4;
					};
				};
			};
			buildConfigurationList = 8ABD2C8C27BD4B4F00142175 /* Build configuration list for PBXProject "practica2_envioparametros" */;
			compatibilityVersion = "Xcode 9.3";
			developmentRegion = en;
			hasScannedForEncodings = 0;
			knownRegions = (
				en,
				Base,
			);
			mainGroup = 8ABD2C8827BD4B4F00142175;
			productRefGroup = 8ABD2C9227BD4B4F00142175 /* Products */;
			projectDirPath = "";
			projectRoot = "";
			targets = (
				8ABD2C9027BD4B4F00142175 /* practica2_envioparametros */,
			);
		};
/* End PBXProject section */

/* Begin PBXResourcesBuildPhase section */
		8ABD2C8F27BD4B4F00142175 /* Resources */ = {
			isa = PBXResourcesBuildPhase;
			buildActionMask = 2147483647;
			files = (
				8ABD2CA127BD4B5800142175 /* LaunchScreen.storyboard in Resources */,
				8ABD2C9E27BD4B5800142175 /* Assets.xcassets in Resources */,
				8ABD2C9C27BD4B4F00142175 /* Main.storyboard in Resources */,
			);
			runOnlyForDeploymentPostprocessing = 0;
		};
/* End PBXResourcesBuildPhase section */

/* Begin PBXSourcesBuildPhase section */
		8ABD2C8D27BD4B4F00142175 /* Sources */ = {
			isa = PBXSourcesBuildPhase;
			buildActionMask = 2147483647;
			files = (
				8ABD2C9927BD4B4F00142175 /* ViewController.swift in Sources */,
				8ABD2C9527BD4B4F00142175 /* AppDelegate.swift in Sources */,
				8ABD2CAA27BD4F0500142175 /* SegundoViewController.swift in Sources */,
				8ABD2C9727BD4B4F00142175 /* SceneDelegate.swift in Sources */,
			);
			runOnlyForDeploymentPostprocessing = 0;
		};
/* End PBXSourcesBuildPhase section */

/* Begin PBXVariantGroup section */
		8ABD2C9A27BD4B4F00142175 /* Main.storyboard */ = {
			isa = PBXVariantGroup;
			children = (
				8ABD2C9B27BD4B4F00142175 /* Base */,
			);
			name = Main.storyboard;
			sourceTree = "<group>";
		};
		8ABD2C9F27BD4B5800142175 /* LaunchScreen.storyboard */ = {
			isa = PBXVariantGroup;
			children = (
				8ABD2CA027BD4B5800142175 /* Base */,
			);
			name = LaunchScreen.storyboard;
			sourceTree = "<group>";
		};
/* End PBXVariantGroup section */

/* Begin XCBuildConfiguration section */
		8ABD2CA327BD4B5800142175 /* Debug */ = {
			isa = XCBuildConfiguration;
			buildSettings = {
				ALWAYS_SEARCH_USER_PATHS = NO;
				CLANG_ANALYZER_NONNULL = YES;
				CLANG_ANALYZER_NUMBER_OBJECT_CONVERSION = YES_AGGRESSIVE;
				CLANG_CXX_LANGUAGE_STANDARD = "gnu++14";
				CLANG_CXX_LIBRARY = "libc++";
				CLANG_ENABLE_MODULES = YES;
				CLANG_ENABLE_OBJC_ARC = YES;
				CLANG_ENABLE_OBJC_WEAK = YES;
				CLANG_WARN_BLOCK_CAPTURE_AUTORELEASING = YES;
				CLANG_WARN_BOOL_CONVERSION = YES;
				CLANG_WARN_COMMA = YES;
				CLANG_WARN_CONSTANT_CONVERSION = YES;
				CLANG_WARN_DEPRECATED_OBJC_IMPLEMENTATIONS = YES;
				CLANG_WARN_DIRECT_OBJC_ISA_USAGE = YES_ERROR;
				CLANG_WARN_DOCUMENTATION_COMMENTS = YES;
				CLANG_WARN_EMPTY_BODY = YES;
				CLANG_WARN_ENUM_CONVERSION = YES;
				CLANG_WARN_INFINITE_RECURSION = YES;
				CLANG_WARN_INT_CONVERSION = YES;
				CLANG_WARN_NON_LITERAL_NULL_CONVERSION = YES;
				CLANG_WARN_OBJC_IMPLICIT_RETAIN_SELF = YES;
				CLANG_WARN_OBJC_LITERAL_CONVERSION = YES;
				CLANG_WARN_OBJC_ROOT_CLASS = YES_ERROR;
				CLANG_WARN_QUOTED_INCLUDE_IN_FRAMEWORK_HEADER = YES;
				CLANG_WARN_RANGE_LOOP_ANALYSIS = YES;
				CLANG_WARN_STRICT_PROTOTYPES = YES;
				CLANG_WARN_SUSPICIOUS_MOVE = YES;
				CLANG_WARN_UNGUARDED_AVAILABILITY = YES_AGGRESSIVE;
				CLANG_WARN_UNREACHABLE_CODE = YES;
				CLANG_WARN__DUPLICATE_METHOD_MATCH = YES;
				COPY_PHASE_STRIP = NO;
				DEBUG_INFORMATION_FORMAT = dwarf;
				ENABLE_STRICT_OBJC_MSGSEND = YES;
				ENABLE_TESTABILITY = YES;
				GCC_C_LANGUAGE_STANDARD = gnu11;
				GCC_DYNAMIC_NO_PIC = NO;
				GCC_NO_COMMON_BLOCKS = YES;
				GCC_OPTIMIZATION_LEVEL = 0;
				GCC_PREPROCESSOR_DEFINITIONS = (
					"DEBUG=1",
					"$(inherited)",
				);
				GCC_WARN_64_TO_32_BIT_CONVERSION = YES;
				GCC_WARN_ABOUT_RETURN_TYPE = YES_ERROR;
				GCC_WARN_UNDECLARED_SELECTOR = YES;
				GCC_WARN_UNINITIALIZED_AUTOS = YES_AGGRESSIVE;
				GCC_WARN_UNUSED_FUNCTION = YES;
				GCC_WARN_UNUSED_VARIABLE = YES;
				IPHONEOS_DEPLOYMENT_TARGET = 14.4;
				MTL_ENABLE_DEBUG_INFO = INCLUDE_SOURCE;
				MTL_FAST_MATH = YES;
				ONLY_ACTIVE_ARCH = YES;
				SDKROOT = iphoneos;
				SWIFT_ACTIVE_COMPILATION_CONDITIONS = DEBUG;
				SWIFT_OPTIMIZATION_LEVEL = "-Onone";
			};
			name = Debug;
		};
		8ABD2CA427BD4B5800142175 /* Release */ = {
			isa = XCBuildConfiguration;
			buildSettings = {
				ALWAYS_SEARCH_USER_PATHS = NO;
				CLANG_ANALYZER_NONNULL = YES;
				CLANG_ANALYZER_NUMBER_OBJECT_CONVERSION = YES_AGGRESSIVE;
				CLANG_CXX_LANGUAGE_STANDARD = "gnu++14";
				CLANG_CXX_LIBRARY = "libc++";
				CLANG_ENABLE_MODULES = YES;
				CLANG_ENABLE_OBJC_ARC = YES;
				CLANG_ENABLE_OBJC_WEAK = YES;
				CLANG_WARN_BLOCK_CAPTURE_AUTORELEASING = YES;
				CLANG_WARN_BOOL_CONVERSION = YES;
				CLANG_WARN_COMMA = YES;
				CLANG_WARN_CONSTANT_CONVERSION = YES;
				CLANG_WARN_DEPRECATED_OBJC_IMPLEMENTATIONS = YES;
				CLANG_WARN_DIRECT_OBJC_ISA_USAGE = YES_ERROR;
				CLANG_WARN_DOCUMENTATION_COMMENTS = YES;
				CLANG_WARN_EMPTY_BODY = YES;
				CLANG_WARN_ENUM_CONVERSION = YES;
				CLANG_WARN_INFINITE_RECURSION = YES;
				CLANG_WARN_INT_CONVERSION = YES;
				CLANG_WARN_NON_LITERAL_NULL_CONVERSION = YES;
				CLANG_WARN_OBJC_IMPLICIT_RETAIN_SELF = YES;
				CLANG_WARN_OBJC_LITERAL_CONVERSION = YES;
				CLANG_WARN_OBJC_ROOT_CLASS = YES_ERROR;
				CLANG_WARN_QUOTED_INCLUDE_IN_FRAMEWORK_HEADER = YES;
				CLANG_WARN_RANGE_LOOP_ANALYSIS = YES;
				CLANG_WARN_STRICT_PROTOTYPES = YES;
				CLANG_WARN_SUSPICIOUS_MOVE = YES;
				CLANG_WARN_UNGUARDED_AVAILABILITY = YES_AGGRESSIVE;
				CLANG_WARN_UNREACHABLE_CODE = YES;
				CLANG_WARN__DUPLICATE_METHOD_MATCH = YES;
				COPY_PHASE_STRIP = NO;
				DEBUG_INFORMATION_FORMAT = "dwarf-with-dsym";
				ENABLE_NS_ASSERTIONS = NO;
				ENABLE_STRICT_OBJC_MSGSEND = YES;
				GCC_C_LANGUAGE_STANDARD = gnu11;
				GCC_NO_COMMON_BLOCKS = YES;
				GCC_WARN_64_TO_32_BIT_CONVERSION = YES;
				GCC_WARN_ABOUT_RETURN_TYPE = YES_ERROR;
				GCC_WARN_UNDECLARED_SELECTOR = YES;
				GCC_WARN_UNINITIALIZED_AUTOS = YES_AGGRESSIVE;
				GCC_WARN_UNUSED_FUNCTION = YES;
				GCC_WARN_UNUSED_VARIABLE = YES;
				IPHONEOS_DEPLOYMENT_TARGET = 14.4;
				MTL_ENABLE_DEBUG_INFO = NO;
				MTL_FAST_MATH = YES;
				SDKROOT = iphoneos;
				SWIFT_COMPILATION_MODE = wholemodule;
				SWIFT_OPTIMIZATION_LEVEL = "-O";
				VALIDATE_PRODUCT = YES;
			};
			name = Release;
		};
		8ABD2CA627BD4B5800142175 /* Debug */ = {
			isa = XCBuildConfiguration;
			buildSettings = {
				ASSETCATALOG_COMPILER_APPICON_NAME = AppIcon;
				ASSETCATALOG_COMPILER_GLOBAL_ACCENT_COLOR_NAME = AccentColor;
				CODE_SIGN_STYLE = Automatic;
				INFOPLIST_FILE = practica2_envioparametros/Info.plist;
				LD_RUNPATH_SEARCH_PATHS = (
					"$(inherited)",
					"@executable_path/Frameworks",
				);
				PRODUCT_BUNDLE_IDENTIFIER = "programacion.movil.practica2-envioparametros";
				PRODUCT_NAME = "$(TARGET_NAME)";
				SWIFT_VERSION = 5.0;
				TARGETED_DEVICE_FAMILY = "1,2";
			};
			name = Debug;
		};
		8ABD2CA727BD4B5800142175 /* Release */ = {
			isa = XCBuildConfiguration;
			buildSettings = {
				ASSETCATALOG_COMPILER_APPICON_NAME = AppIcon;
				ASSETCATALOG_COMPILER_GLOBAL_ACCENT_COLOR_NAME = AccentColor;
				CODE_SIGN_STYLE = Automatic;
				INFOPLIST_FILE = practica2_envioparametros/Info.plist;
				LD_RUNPATH_SEARCH_PATHS = (
					"$(inherited)",
					"@executable_path/Frameworks",
				);
				PRODUCT_BUNDLE_IDENTIFIER = "programacion.movil.practica2-envioparametros";
				PRODUCT_NAME = "$(TARGET_NAME)";
				SWIFT_VERSION = 5.0;
				TARGETED_DEVICE_FAMILY = "1,2";
			};
			name = Release;
		};
/* End XCBuildConfiguration section */

/* Begin XCConfigurationList section */
		8ABD2C8C27BD4B4F00142175 /* Build configuration list for PBXProject "practica2_envioparametros" */ = {
			isa = XCConfigurationList;
			buildConfigurations = (
				8ABD2CA327BD4B5800142175 /* Debug */,
				8ABD2CA427BD4B5800142175 /* Release */,
			);
			defaultConfigurationIsVisible = 0;
			defaultConfigurationName = Release;
		};
		8ABD2CA527BD4B5800142175 /* Build configuration list for PBXNativeTarget "practica2_envioparametros" */ = {
			isa = XCConfigurationList;
			buildConfigurations = (
				8ABD2CA627BD4B5800142175 /* Debug */,
				8ABD2CA727BD4B5800142175 /* Release */,
			);
			defaultConfigurationIsVisible = 0;
			defaultConfigurationName = Release;
		};
/* End XCConfigurationList section */
	};
	rootObject = 8ABD2C8927BD4B4F00142175 /* Project object */;
}
